
Microsoft Visual Studio Solution File, Format Version 11.00
# Visual Studio 2010
Project("{FAE04EC0-301F-11D3-BF4B-00C04F79EFBC}") = "vb", "Assembly-CSharp.csproj", "{D1D35F90-D8E4-39A1-17BD-EC890B3735B5}"
EndProject
Project("{FAE04EC0-301F-11D3-BF4B-00C04F79EFBC}") = "vb", "Assembly-CSharp-Editor.csproj", "{5961A722-C232-DE10-A0B7-08672EF80EA1}"
EndProject
Global
	GlobalSection(SolutionConfigurationPlatforms) = preSolution
		Debug|Any CPU = Debug|Any CPU
		Release|Any CPU = Release|Any CPU
	EndGlobalSection
	GlobalSection(ProjectConfigurationPlatforms) = postSolution
		{D1D35F90-D8E4-39A1-17BD-EC890B3735B5}.Debug|Any CPU.ActiveCfg = Debug|Any CPU
		{D1D35F90-D8E4-39A1-17BD-EC890B3735B5}.Debug|Any CPU.Build.0 = Debug|Any CPU
		{D1D35F90-D8E4-39A1-17BD-EC890B3735B5}.Release|Any CPU.ActiveCfg = Release|Any CPU
		{D1D35F90-D8E4-39A1-17BD-EC890B3735B5}.Release|Any CPU.Build.0 = Release|Any CPU
		{5961A722-C232-DE10-A0B7-08672EF80EA1}.Debug|Any CPU.ActiveCfg = Debug|Any CPU
		{5961A722-C232-DE10-A0B7-08672EF80EA1}.Debug|Any CPU.Build.0 = Debug|Any CPU
		{5961A722-C232-DE10-A0B7-08672EF80EA1}.Release|Any CPU.ActiveCfg = Release|Any CPU
		{5961A722-C232-DE10-A0B7-08672EF80EA1}.Release|Any CPU.Build.0 = Release|Any CPU
	EndGlobalSection
	GlobalSection(SolutionProperties) = preSolution
		HideSolutionNode = FALSE
	EndGlobalSection
	GlobalSection(MonoDevelopProperties) = preSolution
		StartupItem = Assembly-CSharp.csproj
	EndGlobalSection
EndGlobal
